// !$*UTF8*$!
{
	archiveVersion = 1;
	classes = {
	};
	objectVersion = 50;
	objects = {

/* Begin PBXBuildFile section */
		091F85C620FBD2B200C4EC0C /* Starscream.framework in Frameworks */ = {isa = PBXBuildFile; fileRef = 091F85C220FBD29E00C4EC0C /* Starscream.framework */; };
		0983A27520E9445F00ECFAE1 /* AppDelegate.swift in Sources */ = {isa = PBXBuildFile; fileRef = 0983A27420E9445F00ECFAE1 /* AppDelegate.swift */; };
		0983A27720E9445F00ECFAE1 /* ViewController.swift in Sources */ = {isa = PBXBuildFile; fileRef = 0983A27620E9445F00ECFAE1 /* ViewController.swift */; };
		0983A27A20E9445F00ECFAE1 /* Main.storyboard in Resources */ = {isa = PBXBuildFile; fileRef = 0983A27820E9445F00ECFAE1 /* Main.storyboard */; };
		0983A27C20E9446100ECFAE1 /* Assets.xcassets in Resources */ = {isa = PBXBuildFile; fileRef = 0983A27B20E9446100ECFAE1 /* Assets.xcassets */; };
		0983A27F20E9446100ECFAE1 /* LaunchScreen.storyboard in Resources */ = {isa = PBXBuildFile; fileRef = 0983A27D20E9446100ECFAE1 /* LaunchScreen.storyboard */; };
		0983A28420E9446100ECFAE1 /* WebSocket Chat WatchKit App.app in Embed Watch Content */ = {isa = PBXBuildFile; fileRef = 0983A28320E9446100ECFAE1 /* WebSocket Chat WatchKit App.app */; };
		0983A28A20E9446100ECFAE1 /* Interface.storyboard in Resources */ = {isa = PBXBuildFile; fileRef = 0983A28820E9446100ECFAE1 /* Interface.storyboard */; };
		0983A28C20E9446100ECFAE1 /* Assets.xcassets in Resources */ = {isa = PBXBuildFile; fileRef = 0983A28B20E9446100ECFAE1 /* Assets.xcassets */; };
		0983A29320E9446200ECFAE1 /* WebSocket Chat WatchKit Extension.appex in Embed App Extensions */ = {isa = PBXBuildFile; fileRef = 0983A29220E9446200ECFAE1 /* WebSocket Chat WatchKit Extension.appex */; settings = {ATTRIBUTES = (RemoveHeadersOnCopy, ); }; };
		0983A29820E9446200ECFAE1 /* InterfaceController.swift in Sources */ = {isa = PBXBuildFile; fileRef = 0983A29720E9446200ECFAE1 /* InterfaceController.swift */; };
		0983A29A20E9446200ECFAE1 /* ExtensionDelegate.swift in Sources */ = {isa = PBXBuildFile; fileRef = 0983A29920E9446200ECFAE1 /* ExtensionDelegate.swift */; };
		0983A29C20E9446200ECFAE1 /* NotificationController.swift in Sources */ = {isa = PBXBuildFile; fileRef = 0983A29B20E9446200ECFAE1 /* NotificationController.swift */; };
		0983A29E20E9446200ECFAE1 /* Assets.xcassets in Resources */ = {isa = PBXBuildFile; fileRef = 0983A29D20E9446200ECFAE1 /* Assets.xcassets */; };
		0983A2AF20E9533C00ECFAE1 /* MessageCell.swift in Sources */ = {isa = PBXBuildFile; fileRef = 0983A2AE20E9533C00ECFAE1 /* MessageCell.swift */; };
/* End PBXBuildFile section */

/* Begin PBXContainerItemProxy section */
		091F85C120FBD29E00C4EC0C /* PBXContainerItemProxy */ = {
			isa = PBXContainerItemProxy;
			containerPortal = 091F85BC20FBD29E00C4EC0C /* Starscream.xcodeproj */;
			proxyType = 2;
			remoteGlobalIDString = 33CCF0921F5DDC030099B092;
			remoteInfo = Starscream;
		};
		091F85C320FBD29E00C4EC0C /* PBXContainerItemProxy */ = {
			isa = PBXContainerItemProxy;
			containerPortal = 091F85BC20FBD29E00C4EC0C /* Starscream.xcodeproj */;
			proxyType = 2;
			remoteGlobalIDString = 335FA2021F5DF71D00F6D2EC;
			remoteInfo = "Starscream Tests";
		};
		0983A28520E9446100ECFAE1 /* PBXContainerItemProxy */ = {
			isa = PBXContainerItemProxy;
			containerPortal = 0983A26920E9445E00ECFAE1 /* Project object */;
			proxyType = 1;
			remoteGlobalIDString = 0983A28220E9446100ECFAE1;
			remoteInfo = "WebSocket Chat WatchKit App";
		};
		0983A29420E9446200ECFAE1 /* PBXContainerItemProxy */ = {
			isa = PBXContainerItemProxy;
			containerPortal = 0983A26920E9445E00ECFAE1 /* Project object */;
			proxyType = 1;
			remoteGlobalIDString = 0983A29120E9446200ECFAE1;
			remoteInfo = "WebSocket Chat WatchKit Extension";
		};
/* End PBXContainerItemProxy section */

/* Begin PBXCopyFilesBuildPhase section */
		0983A2A620E9446200ECFAE1 /* Embed App Extensions */ = {
			isa = PBXCopyFilesBuildPhase;
			buildActionMask = 2147483647;
			dstPath = "";
			dstSubfolderSpec = 13;
			files = (
				0983A29320E9446200ECFAE1 /* WebSocket Chat WatchKit Extension.appex in Embed App Extensions */,
			);
			name = "Embed App Extensions";
			runOnlyForDeploymentPostprocessing = 0;
		};
		0983A2AA20E9446200ECFAE1 /* Embed Watch Content */ = {
			isa = PBXCopyFilesBuildPhase;
			buildActionMask = 2147483647;
			dstPath = "$(CONTENTS_FOLDER_PATH)/Watch";
			dstSubfolderSpec = 16;
			files = (
				0983A28420E9446100ECFAE1 /* WebSocket Chat WatchKit App.app in Embed Watch Content */,
			);
			name = "Embed Watch Content";
			runOnlyForDeploymentPostprocessing = 0;
		};
/* End PBXCopyFilesBuildPhase section */

/* Begin PBXFileReference section */
		091F85BC20FBD29E00C4EC0C /* Starscream.xcodeproj */ = {isa = PBXFileReference; lastKnownFileType = "wrapper.pb-project"; name = Starscream.xcodeproj; path = ../../../.Trash/Starscream.xcodeproj; sourceTree = "<group>"; };
		0983A27120E9445F00ECFAE1 /* WebSocket Chat.app */ = {isa = PBXFileReference; explicitFileType = wrapper.application; includeInIndex = 0; path = "WebSocket Chat.app"; sourceTree = BUILT_PRODUCTS_DIR; };
		0983A27420E9445F00ECFAE1 /* AppDelegate.swift */ = {isa = PBXFileReference; lastKnownFileType = sourcecode.swift; path = AppDelegate.swift; sourceTree = "<group>"; };
		0983A27620E9445F00ECFAE1 /* ViewController.swift */ = {isa = PBXFileReference; lastKnownFileType = sourcecode.swift; path = ViewController.swift; sourceTree = "<group>"; usesTabs = 1; };
		0983A27920E9445F00ECFAE1 /* Base */ = {isa = PBXFileReference; lastKnownFileType = file.storyboard; name = Base; path = Base.lproj/Main.storyboard; sourceTree = "<group>"; };
		0983A27B20E9446100ECFAE1 /* Assets.xcassets */ = {isa = PBXFileReference; lastKnownFileType = folder.assetcatalog; path = Assets.xcassets; sourceTree = "<group>"; };
		0983A27E20E9446100ECFAE1 /* Base */ = {isa = PBXFileReference; lastKnownFileType = file.storyboard; name = Base; path = Base.lproj/LaunchScreen.storyboard; sourceTree = "<group>"; };
		0983A28020E9446100ECFAE1 /* Info.plist */ = {isa = PBXFileReference; lastKnownFileType = text.plist.xml; path = Info.plist; sourceTree = "<group>"; };
		0983A28320E9446100ECFAE1 /* WebSocket Chat WatchKit App.app */ = {isa = PBXFileReference; explicitFileType = wrapper.application; includeInIndex = 0; path = "WebSocket Chat WatchKit App.app"; sourceTree = BUILT_PRODUCTS_DIR; };
		0983A28920E9446100ECFAE1 /* Base */ = {isa = PBXFileReference; lastKnownFileType = file.storyboard; name = Base; path = Base.lproj/Interface.storyboard; sourceTree = "<group>"; };
		0983A28B20E9446100ECFAE1 /* Assets.xcassets */ = {isa = PBXFileReference; lastKnownFileType = folder.assetcatalog; path = Assets.xcassets; sourceTree = "<group>"; };
		0983A28D20E9446100ECFAE1 /* Info.plist */ = {isa = PBXFileReference; lastKnownFileType = text.plist.xml; path = Info.plist; sourceTree = "<group>"; };
		0983A29220E9446200ECFAE1 /* WebSocket Chat WatchKit Extension.appex */ = {isa = PBXFileReference; explicitFileType = "wrapper.app-extension"; includeInIndex = 0; path = "WebSocket Chat WatchKit Extension.appex"; sourceTree = BUILT_PRODUCTS_DIR; };
		0983A29720E9446200ECFAE1 /* InterfaceController.swift */ = {isa = PBXFileReference; lastKnownFileType = sourcecode.swift; path = InterfaceController.swift; sourceTree = "<group>"; };
		0983A29920E9446200ECFAE1 /* ExtensionDelegate.swift */ = {isa = PBXFileReference; lastKnownFileType = sourcecode.swift; path = ExtensionDelegate.swift; sourceTree = "<group>"; };
		0983A29B20E9446200ECFAE1 /* NotificationController.swift */ = {isa = PBXFileReference; lastKnownFileType = sourcecode.swift; path = NotificationController.swift; sourceTree = "<group>"; };
		0983A29D20E9446200ECFAE1 /* Assets.xcassets */ = {isa = PBXFileReference; lastKnownFileType = folder.assetcatalog; path = Assets.xcassets; sourceTree = "<group>"; };
		0983A29F20E9446200ECFAE1 /* Info.plist */ = {isa = PBXFileReference; lastKnownFileType = text.plist.xml; path = Info.plist; sourceTree = "<group>"; };
		0983A2A020E9446200ECFAE1 /* PushNotificationPayload.apns */ = {isa = PBXFileReference; lastKnownFileType = text; path = PushNotificationPayload.apns; sourceTree = "<group>"; };
		0983A2AE20E9533C00ECFAE1 /* MessageCell.swift */ = {isa = PBXFileReference; lastKnownFileType = sourcecode.swift; path = MessageCell.swift; sourceTree = "<group>"; };
/* End PBXFileReference section */

/* Begin PBXFrameworksBuildPhase section */
		0983A26E20E9445F00ECFAE1 /* Frameworks */ = {
			isa = PBXFrameworksBuildPhase;
			buildActionMask = 2147483647;
			files = (
				091F85C620FBD2B200C4EC0C /* Starscream.framework in Frameworks */,
			);
			runOnlyForDeploymentPostprocessing = 0;
		};
		0983A28F20E9446200ECFAE1 /* Frameworks */ = {
			isa = PBXFrameworksBuildPhase;
			buildActionMask = 2147483647;
			files = (
			);
			runOnlyForDeploymentPostprocessing = 0;
		};
/* End PBXFrameworksBuildPhase section */

/* Begin PBXGroup section */
		091F85BD20FBD29E00C4EC0C /* Products */ = {
			isa = PBXGroup;
			children = (
				091F85C220FBD29E00C4EC0C /* Starscream.framework */,
				091F85C420FBD29E00C4EC0C /* Starscream Tests.xctest */,
			);
			name = Products;
			sourceTree = "<group>";
		};
		091F85C520FBD2B200C4EC0C /* Frameworks */ = {
			isa = PBXGroup;
			children = (
			);
			name = Frameworks;
			sourceTree = "<group>";
		};
		0983A26820E9445E00ECFAE1 = {
			isa = PBXGroup;
			children = (
				091F85BC20FBD29E00C4EC0C /* Starscream.xcodeproj */,
				0983A27320E9445F00ECFAE1 /* WebSocket Chat */,
				0983A28720E9446100ECFAE1 /* WebSocket Chat WatchKit App */,
				0983A29620E9446200ECFAE1 /* WebSocket Chat WatchKit Extension */,
				0983A27220E9445F00ECFAE1 /* Products */,
				091F85C520FBD2B200C4EC0C /* Frameworks */,
			);
			sourceTree = "<group>";
		};
		0983A27220E9445F00ECFAE1 /* Products */ = {
			isa = PBXGroup;
			children = (
				0983A27120E9445F00ECFAE1 /* WebSocket Chat.app */,
				0983A28320E9446100ECFAE1 /* WebSocket Chat WatchKit App.app */,
				0983A29220E9446200ECFAE1 /* WebSocket Chat WatchKit Extension.appex */,
			);
			name = Products;
			sourceTree = "<group>";
		};
		0983A27320E9445F00ECFAE1 /* WebSocket Chat */ = {
			isa = PBXGroup;
			children = (
				0983A27420E9445F00ECFAE1 /* AppDelegate.swift */,
				0983A27620E9445F00ECFAE1 /* ViewController.swift */,
				0983A27820E9445F00ECFAE1 /* Main.storyboard */,
				0983A27D20E9446100ECFAE1 /* LaunchScreen.storyboard */,
				0983A27B20E9446100ECFAE1 /* Assets.xcassets */,
				0983A28020E9446100ECFAE1 /* Info.plist */,
				0983A2AE20E9533C00ECFAE1 /* MessageCell.swift */,
			);
			path = "WebSocket Chat";
			sourceTree = "<group>";
		};
		0983A28720E9446100ECFAE1 /* WebSocket Chat WatchKit App */ = {
			isa = PBXGroup;
			children = (
				0983A28820E9446100ECFAE1 /* Interface.storyboard */,
				0983A28B20E9446100ECFAE1 /* Assets.xcassets */,
				0983A28D20E9446100ECFAE1 /* Info.plist */,
			);
			path = "WebSocket Chat WatchKit App";
			sourceTree = "<group>";
		};
		0983A29620E9446200ECFAE1 /* WebSocket Chat WatchKit Extension */ = {
			isa = PBXGroup;
			children = (
				0983A29720E9446200ECFAE1 /* InterfaceController.swift */,
				0983A29920E9446200ECFAE1 /* ExtensionDelegate.swift */,
				0983A29B20E9446200ECFAE1 /* NotificationController.swift */,
				0983A29D20E9446200ECFAE1 /* Assets.xcassets */,
				0983A29F20E9446200ECFAE1 /* Info.plist */,
				0983A2A020E9446200ECFAE1 /* PushNotificationPayload.apns */,
			);
			path = "WebSocket Chat WatchKit Extension";
			sourceTree = "<group>";
		};
/* End PBXGroup section */

/* Begin PBXNativeTarget section */
		0983A27020E9445F00ECFAE1 /* WebSocket Chat */ = {
			isa = PBXNativeTarget;
			buildConfigurationList = 0983A2AB20E9446200ECFAE1 /* Build configuration list for PBXNativeTarget "WebSocket Chat" */;
			buildPhases = (
				0983A26D20E9445F00ECFAE1 /* Sources */,
				0983A26E20E9445F00ECFAE1 /* Frameworks */,
				0983A26F20E9445F00ECFAE1 /* Resources */,
				0983A2AA20E9446200ECFAE1 /* Embed Watch Content */,
			);
			buildRules = (
			);
			dependencies = (
				0983A28620E9446100ECFAE1 /* PBXTargetDependency */,
			);
			name = "WebSocket Chat";
			productName = "WebSocket Chat";
			productReference = 0983A27120E9445F00ECFAE1 /* WebSocket Chat.app */;
			productType = "com.apple.product-type.application";
		};
		0983A28220E9446100ECFAE1 /* WebSocket Chat WatchKit App */ = {
			isa = PBXNativeTarget;
			buildConfigurationList = 0983A2A720E9446200ECFAE1 /* Build configuration list for PBXNativeTarget "WebSocket Chat WatchKit App" */;
			buildPhases = (
				0983A28120E9446100ECFAE1 /* Resources */,
				0983A2A620E9446200ECFAE1 /* Embed App Extensions */,
			);
			buildRules = (
			);
			dependencies = (
				0983A29520E9446200ECFAE1 /* PBXTargetDependency */,
			);
			name = "WebSocket Chat WatchKit App";
			productName = "WebSocket Chat WatchKit App";
			productReference = 0983A28320E9446100ECFAE1 /* WebSocket Chat WatchKit App.app */;
			productType = "com.apple.product-type.application.watchapp2";
		};
		0983A29120E9446200ECFAE1 /* WebSocket Chat WatchKit Extension */ = {
			isa = PBXNativeTarget;
			buildConfigurationList = 0983A2A320E9446200ECFAE1 /* Build configuration list for PBXNativeTarget "WebSocket Chat WatchKit Extension" */;
			buildPhases = (
				0983A28E20E9446200ECFAE1 /* Sources */,
				0983A28F20E9446200ECFAE1 /* Frameworks */,
				0983A29020E9446200ECFAE1 /* Resources */,
			);
			buildRules = (
			);
			dependencies = (
			);
			name = "WebSocket Chat WatchKit Extension";
			productName = "WebSocket Chat WatchKit Extension";
			productReference = 0983A29220E9446200ECFAE1 /* WebSocket Chat WatchKit Extension.appex */;
			productType = "com.apple.product-type.watchkit2-extension";
		};
/* End PBXNativeTarget section */

/* Begin PBXProject section */
		0983A26920E9445E00ECFAE1 /* Project object */ = {
			isa = PBXProject;
			attributes = {
				LastSwiftUpdateCheck = 0940;
				LastUpgradeCheck = 0940;
				ORGANIZATIONNAME = plajdo;
				TargetAttributes = {
					0983A27020E9445F00ECFAE1 = {
						CreatedOnToolsVersion = 9.4.1;
					};
					0983A28220E9446100ECFAE1 = {
						CreatedOnToolsVersion = 9.4.1;
					};
					0983A29120E9446200ECFAE1 = {
						CreatedOnToolsVersion = 9.4.1;
					};
				};
			};
			buildConfigurationList = 0983A26C20E9445E00ECFAE1 /* Build configuration list for PBXProject "WebSocket Chat" */;
			compatibilityVersion = "Xcode 9.3";
			developmentRegion = en;
			hasScannedForEncodings = 0;
			knownRegions = (
				en,
				Base,
			);
			mainGroup = 0983A26820E9445E00ECFAE1;
			productRefGroup = 0983A27220E9445F00ECFAE1 /* Products */;
			projectDirPath = "";
			projectReferences = (
				{
					ProductGroup = 091F85BD20FBD29E00C4EC0C /* Products */;
					ProjectRef = 091F85BC20FBD29E00C4EC0C /* Starscream.xcodeproj */;
				},
			);
			projectRoot = "";
			targets = (
				0983A27020E9445F00ECFAE1 /* WebSocket Chat */,
				0983A28220E9446100ECFAE1 /* WebSocket Chat WatchKit App */,
				0983A29120E9446200ECFAE1 /* WebSocket Chat WatchKit Extension */,
			);
		};
/* End PBXProject section */

/* Begin PBXReferenceProxy section */
		091F85C220FBD29E00C4EC0C /* Starscream.framework */ = {
			isa = PBXReferenceProxy;
			fileType = wrapper.framework;
			path = Starscream.framework;
			remoteRef = 091F85C120FBD29E00C4EC0C /* PBXContainerItemProxy */;
			sourceTree = BUILT_PRODUCTS_DIR;
		};
		091F85C420FBD29E00C4EC0C /* Starscream Tests.xctest */ = {
			isa = PBXReferenceProxy;
			fileType = wrapper.cfbundle;
			path = "Starscream Tests.xctest";
			remoteRef = 091F85C320FBD29E00C4EC0C /* PBXContainerItemProxy */;
			sourceTree = BUILT_PRODUCTS_DIR;
		};
/* End PBXReferenceProxy section */

/* Begin PBXResourcesBuildPhase section */
		0983A26F20E9445F00ECFAE1 /* Resources */ = {
			isa = PBXResourcesBuildPhase;
			buildActionMask = 2147483647;
			files = (
				0983A27F20E9446100ECFAE1 /* LaunchScreen.storyboard in Resources */,
				0983A27C20E9446100ECFAE1 /* Assets.xcassets in Resources */,
				0983A27A20E9445F00ECFAE1 /* Main.storyboard in Resources */,
			);
			runOnlyForDeploymentPostprocessing = 0;
		};
		0983A28120E9446100ECFAE1 /* Resources */ = {
			isa = PBXResourcesBuildPhase;
			buildActionMask = 2147483647;
			files = (
				0983A28C20E9446100ECFAE1 /* Assets.xcassets in Resources */,
				0983A28A20E9446100ECFAE1 /* Interface.storyboard in Resources */,
			);
			runOnlyForDeploymentPostprocessing = 0;
		};
		0983A29020E9446200ECFAE1 /* Resources */ = {
			isa = PBXResourcesBuildPhase;
			buildActionMask = 2147483647;
			files = (
				0983A29E20E9446200ECFAE1 /* Assets.xcassets in Resources */,
			);
			runOnlyForDeploymentPostprocessing = 0;
		};
/* End PBXResourcesBuildPhase section */

/* Begin PBXSourcesBuildPhase section */
		0983A26D20E9445F00ECFAE1 /* Sources */ = {
			isa = PBXSourcesBuildPhase;
			buildActionMask = 2147483647;
			files = (
				0983A27720E9445F00ECFAE1 /* ViewController.swift in Sources */,
				0983A27520E9445F00ECFAE1 /* AppDelegate.swift in Sources */,
				0983A2AF20E9533C00ECFAE1 /* MessageCell.swift in Sources */,
			);
			runOnlyForDeploymentPostprocessing = 0;
		};
		0983A28E20E9446200ECFAE1 /* Sources */ = {
			isa = PBXSourcesBuildPhase;
			buildActionMask = 2147483647;
			files = (
				0983A29C20E9446200ECFAE1 /* NotificationController.swift in Sources */,
				0983A29A20E9446200ECFAE1 /* ExtensionDelegate.swift in Sources */,
				0983A29820E9446200ECFAE1 /* InterfaceController.swift in Sources */,
			);
			runOnlyForDeploymentPostprocessing = 0;
		};
/* End PBXSourcesBuildPhase section */

/* Begin PBXTargetDependency section */
		0983A28620E9446100ECFAE1 /* PBXTargetDependency */ = {
			isa = PBXTargetDependency;
			target = 0983A28220E9446100ECFAE1 /* WebSocket Chat WatchKit App */;
			targetProxy = 0983A28520E9446100ECFAE1 /* PBXContainerItemProxy */;
		};
		0983A29520E9446200ECFAE1 /* PBXTargetDependency */ = {
			isa = PBXTargetDependency;
			target = 0983A29120E9446200ECFAE1 /* WebSocket Chat WatchKit Extension */;
			targetProxy = 0983A29420E9446200ECFAE1 /* PBXContainerItemProxy */;
		};
/* End PBXTargetDependency section */

/* Begin PBXVariantGroup section */
		0983A27820E9445F00ECFAE1 /* Main.storyboard */ = {
			isa = PBXVariantGroup;
			children = (
				0983A27920E9445F00ECFAE1 /* Base */,
			);
			name = Main.storyboard;
			sourceTree = "<group>";
		};
		0983A27D20E9446100ECFAE1 /* LaunchScreen.storyboard */ = {
			isa = PBXVariantGroup;
			children = (
				0983A27E20E9446100ECFAE1 /* Base */,
			);
			name = LaunchScreen.storyboard;
			sourceTree = "<group>";
		};
		0983A28820E9446100ECFAE1 /* Interface.storyboard */ = {
			isa = PBXVariantGroup;
			children = (
				0983A28920E9446100ECFAE1 /* Base */,
			);
			name = Interface.storyboard;
			sourceTree = "<group>";
		};
/* End PBXVariantGroup section */

/* Begin XCBuildConfiguration section */
		0983A2A120E9446200ECFAE1 /* Debug */ = {
			isa = XCBuildConfiguration;
			buildSettings = {
				ALWAYS_SEARCH_USER_PATHS = NO;
				CLANG_ANALYZER_NONNULL = YES;
				CLANG_ANALYZER_NUMBER_OBJECT_CONVERSION = YES_AGGRESSIVE;
				CLANG_CXX_LANGUAGE_STANDARD = "gnu++14";
				CLANG_CXX_LIBRARY = "libc++";
				CLANG_ENABLE_MODULES = YES;
				CLANG_ENABLE_OBJC_ARC = YES;
				CLANG_ENABLE_OBJC_WEAK = YES;
				CLANG_WARN_BLOCK_CAPTURE_AUTORELEASING = YES;
				CLANG_WARN_BOOL_CONVERSION = YES;
				CLANG_WARN_COMMA = YES;
				CLANG_WARN_CONSTANT_CONVERSION = YES;
				CLANG_WARN_DEPRECATED_OBJC_IMPLEMENTATIONS = YES;
				CLANG_WARN_DIRECT_OBJC_ISA_USAGE = YES_ERROR;
				CLANG_WARN_DOCUMENTATION_COMMENTS = YES;
				CLANG_WARN_EMPTY_BODY = YES;
				CLANG_WARN_ENUM_CONVERSION = YES;
				CLANG_WARN_INFINITE_RECURSION = YES;
				CLANG_WARN_INT_CONVERSION = YES;
				CLANG_WARN_NON_LITERAL_NULL_CONVERSION = YES;
				CLANG_WARN_OBJC_IMPLICIT_RETAIN_SELF = YES;
				CLANG_WARN_OBJC_LITERAL_CONVERSION = YES;
				CLANG_WARN_OBJC_ROOT_CLASS = YES_ERROR;
				CLANG_WARN_RANGE_LOOP_ANALYSIS = YES;
				CLANG_WARN_STRICT_PROTOTYPES = YES;
				CLANG_WARN_SUSPICIOUS_MOVE = YES;
				CLANG_WARN_UNGUARDED_AVAILABILITY = YES_AGGRESSIVE;
				CLANG_WARN_UNREACHABLE_CODE = YES;
				CLANG_WARN__DUPLICATE_METHOD_MATCH = YES;
				CODE_SIGN_IDENTITY = "iPhone Developer";
				COPY_PHASE_STRIP = NO;
				DEBUG_INFORMATION_FORMAT = dwarf;
				ENABLE_STRICT_OBJC_MSGSEND = YES;
				ENABLE_TESTABILITY = YES;
				GCC_C_LANGUAGE_STANDARD = gnu11;
				GCC_DYNAMIC_NO_PIC = NO;
				GCC_NO_COMMON_BLOCKS = YES;
				GCC_OPTIMIZATION_LEVEL = 0;
				GCC_PREPROCESSOR_DEFINITIONS = (
					"DEBUG=1",
					"$(inherited)",
				);
				GCC_WARN_64_TO_32_BIT_CONVERSION = YES;
				GCC_WARN_ABOUT_RETURN_TYPE = YES_ERROR;
				GCC_WARN_UNDECLARED_SELECTOR = YES;
				GCC_WARN_UNINITIALIZED_AUTOS = YES_AGGRESSIVE;
				GCC_WARN_UNUSED_FUNCTION = YES;
				GCC_WARN_UNUSED_VARIABLE = YES;
				IPHONEOS_DEPLOYMENT_TARGET = 11.4;
				MTL_ENABLE_DEBUG_INFO = YES;
				ONLY_ACTIVE_ARCH = YES;
				SDKROOT = iphoneos;
				SWIFT_ACTIVE_COMPILATION_CONDITIONS = DEBUG;
				SWIFT_OPTIMIZATION_LEVEL = "-Onone";
			};
			name = Debug;
		};
		0983A2A220E9446200ECFAE1 /* Release */ = {
			isa = XCBuildConfiguration;
			buildSettings = {
				ALWAYS_SEARCH_USER_PATHS = NO;
				CLANG_ANALYZER_NONNULL = YES;
				CLANG_ANALYZER_NUMBER_OBJECT_CONVERSION = YES_AGGRESSIVE;
				CLANG_CXX_LANGUAGE_STANDARD = "gnu++14";
				CLANG_CXX_LIBRARY = "libc++";
				CLANG_ENABLE_MODULES = YES;
				CLANG_ENABLE_OBJC_ARC = YES;
				CLANG_ENABLE_OBJC_WEAK = YES;
				CLANG_WARN_BLOCK_CAPTURE_AUTORELEASING = YES;
				CLANG_WARN_BOOL_CONVERSION = YES;
				CLANG_WARN_COMMA = YES;
				CLANG_WARN_CONSTANT_CONVERSION = YES;
				CLANG_WARN_DEPRECATED_OBJC_IMPLEMENTATIONS = YES;
				CLANG_WARN_DIRECT_OBJC_ISA_USAGE = YES_ERROR;
				CLANG_WARN_DOCUMENTATION_COMMENTS = YES;
				CLANG_WARN_EMPTY_BODY = YES;
				CLANG_WARN_ENUM_CONVERSION = YES;
				CLANG_WARN_INFINITE_RECURSION = YES;
				CLANG_WARN_INT_CONVERSION = YES;
				CLANG_WARN_NON_LITERAL_NULL_CONVERSION = YES;
				CLANG_WARN_OBJC_IMPLICIT_RETAIN_SELF = YES;
				CLANG_WARN_OBJC_LITERAL_CONVERSION = YES;
				CLANG_WARN_OBJC_ROOT_CLASS = YES_ERROR;
				CLANG_WARN_RANGE_LOOP_ANALYSIS = YES;
				CLANG_WARN_STRICT_PROTOTYPES = YES;
				CLANG_WARN_SUSPICIOUS_MOVE = YES;
				CLANG_WARN_UNGUARDED_AVAILABILITY = YES_AGGRESSIVE;
				CLANG_WARN_UNREACHABLE_CODE = YES;
				CLANG_WARN__DUPLICATE_METHOD_MATCH = YES;
				CODE_SIGN_IDENTITY = "iPhone Developer";
				COPY_PHASE_STRIP = NO;
				DEBUG_INFORMATION_FORMAT = "dwarf-with-dsym";
				ENABLE_NS_ASSERTIONS = NO;
				ENABLE_STRICT_OBJC_MSGSEND = YES;
				GCC_C_LANGUAGE_STANDARD = gnu11;
				GCC_NO_COMMON_BLOCKS = YES;
				GCC_WARN_64_TO_32_BIT_CONVERSION = YES;
				GCC_WARN_ABOUT_RETURN_TYPE = YES_ERROR;
				GCC_WARN_UNDECLARED_SELECTOR = YES;
				GCC_WARN_UNINITIALIZED_AUTOS = YES_AGGRESSIVE;
				GCC_WARN_UNUSED_FUNCTION = YES;
				GCC_WARN_UNUSED_VARIABLE = YES;
				IPHONEOS_DEPLOYMENT_TARGET = 11.4;
				MTL_ENABLE_DEBUG_INFO = NO;
				SDKROOT = iphoneos;
				SWIFT_COMPILATION_MODE = wholemodule;
				SWIFT_OPTIMIZATION_LEVEL = "-O";
				VALIDATE_PRODUCT = YES;
			};
			name = Release;
		};
		0983A2A420E9446200ECFAE1 /* Debug */ = {
			isa = XCBuildConfiguration;
			buildSettings = {
				ASSETCATALOG_COMPILER_COMPLICATION_NAME = Complication;
				CODE_SIGN_STYLE = Automatic;
				DEVELOPMENT_TEAM = 82D59K3P3G;
				INFOPLIST_FILE = "WebSocket Chat WatchKit Extension/Info.plist";
				LD_RUNPATH_SEARCH_PATHS = (
					"$(inherited)",
					"@executable_path/Frameworks",
					"@executable_path/../../Frameworks",
				);
				PRODUCT_BUNDLE_IDENTIFIER = "io.github.plajdo.WebSocket-Chat.watchkitapp.watchkitextension";
				PRODUCT_NAME = "${TARGET_NAME}";
				SDKROOT = watchos;
				SKIP_INSTALL = YES;
				SWIFT_VERSION = 4.0;
				TARGETED_DEVICE_FAMILY = 4;
				WATCHOS_DEPLOYMENT_TARGET = 4.3;
			};
			name = Debug;
		};
		0983A2A520E9446200ECFAE1 /* Release */ = {
			isa = XCBuildConfiguration;
			buildSettings = {
				ASSETCATALOG_COMPILER_COMPLICATION_NAME = Complication;
				CODE_SIGN_STYLE = Automatic;
				DEVELOPMENT_TEAM = 82D59K3P3G;
				INFOPLIST_FILE = "WebSocket Chat WatchKit Extension/Info.plist";
				LD_RUNPATH_SEARCH_PATHS = (
					"$(inherited)",
					"@executable_path/Frameworks",
					"@executable_path/../../Frameworks",
				);
				PRODUCT_BUNDLE_IDENTIFIER = "io.github.plajdo.WebSocket-Chat.watchkitapp.watchkitextension";
				PRODUCT_NAME = "${TARGET_NAME}";
				SDKROOT = watchos;
				SKIP_INSTALL = YES;
				SWIFT_VERSION = 4.0;
				TARGETED_DEVICE_FAMILY = 4;
				WATCHOS_DEPLOYMENT_TARGET = 4.3;
			};
			name = Release;
		};
		0983A2A820E9446200ECFAE1 /* Debug */ = {
			isa = XCBuildConfiguration;
			buildSettings = {
				ALWAYS_EMBED_SWIFT_STANDARD_LIBRARIES = YES;
				ASSETCATALOG_COMPILER_APPICON_NAME = AppIcon;
				CODE_SIGN_STYLE = Automatic;
				DEVELOPMENT_TEAM = 82D59K3P3G;
				IBSC_MODULE = WebSocket_Chat_WatchKit_Extension;
				INFOPLIST_FILE = "WebSocket Chat WatchKit App/Info.plist";
				PRODUCT_BUNDLE_IDENTIFIER = "io.github.plajdo.WebSocket-Chat.watchkitapp";
				PRODUCT_NAME = "$(TARGET_NAME)";
				SDKROOT = watchos;
				SKIP_INSTALL = YES;
				SWIFT_VERSION = 4.0;
				TARGETED_DEVICE_FAMILY = 4;
				WATCHOS_DEPLOYMENT_TARGET = 4.3;
			};
			name = Debug;
		};
		0983A2A920E9446200ECFAE1 /* Release */ = {
			isa = XCBuildConfiguration;
			buildSettings = {
				ALWAYS_EMBED_SWIFT_STANDARD_LIBRARIES = YES;
				ASSETCATALOG_COMPILER_APPICON_NAME = AppIcon;
				CODE_SIGN_STYLE = Automatic;
				DEVELOPMENT_TEAM = 82D59K3P3G;
				IBSC_MODULE = WebSocket_Chat_WatchKit_Extension;
				INFOPLIST_FILE = "WebSocket Chat WatchKit App/Info.plist";
				PRODUCT_BUNDLE_IDENTIFIER = "io.github.plajdo.WebSocket-Chat.watchkitapp";
				PRODUCT_NAME = "$(TARGET_NAME)";
				SDKROOT = watchos;
				SKIP_INSTALL = YES;
				SWIFT_VERSION = 4.0;
				TARGETED_DEVICE_FAMILY = 4;
				WATCHOS_DEPLOYMENT_TARGET = 4.3;
			};
			name = Release;
		};
		0983A2AC20E9446200ECFAE1 /* Debug */ = {
			isa = XCBuildConfiguration;
			buildSettings = {
				ASSETCATALOG_COMPILER_APPICON_NAME = AppIcon;
				CODE_SIGN_STYLE = Automatic;
				DEVELOPMENT_TEAM = 82D59K3P3G;
				FRAMEWORK_SEARCH_PATHS = "";
				INFOPLIST_FILE = "WebSocket Chat/Info.plist";
				LD_RUNPATH_SEARCH_PATHS = (
					"$(inherited)",
					"@executable_path/Frameworks",
				);
				PRODUCT_BUNDLE_IDENTIFIER = "io.github.plajdo.WebSocket-Chat";
				PRODUCT_NAME = "$(TARGET_NAME)";
				SWIFT_VERSION = 4.0;
				TARGETED_DEVICE_FAMILY = "1,2";
			};
			name = Debug;
		};
		0983A2AD20E9446200ECFAE1 /* Release */ = {
			isa = XCBuildConfiguration;
			buildSettings = {
				ASSETCATALOG_COMPILER_APPICON_NAME = AppIcon;
				CODE_SIGN_STYLE = Automatic;
				DEVELOPMENT_TEAM = 82D59K3P3G;
				FRAMEWORK_SEARCH_PATHS = "";
				INFOPLIST_FILE = "WebSocket Chat/Info.plist";
				LD_RUNPATH_SEARCH_PATHS = (
					"$(inherited)",
					"@executable_path/Frameworks",
				);
				PRODUCT_BUNDLE_IDENTIFIER = "io.github.plajdo.WebSocket-Chat";
				PRODUCT_NAME = "$(TARGET_NAME)";
				SWIFT_VERSION = 4.0;
				TARGETED_DEVICE_FAMILY = "1,2";
			};
			name = Release;
		};
/* End XCBuildConfiguration section */

/* Begin XCConfigurationList section */
		0983A26C20E9445E00ECFAE1 /* Build configuration list for PBXProject "WebSocket Chat" */ = {
			isa = XCConfigurationList;
			buildConfigurations = (
				0983A2A120E9446200ECFAE1 /* Debug */,
				0983A2A220E9446200ECFAE1 /* Release */,
			);
			defaultConfigurationIsVisible = 0;
			defaultConfigurationName = Release;
		};
		0983A2A320E9446200ECFAE1 /* Build configuration list for PBXNativeTarget "WebSocket Chat WatchKit Extension" */ = {
			isa = XCConfigurationList;
			buildConfigurations = (
				0983A2A420E9446200ECFAE1 /* Debug */,
				0983A2A520E9446200ECFAE1 /* Release */,
			);
			defaultConfigurationIsVisible = 0;
			defaultConfigurationName = Release;
		};
		0983A2A720E9446200ECFAE1 /* Build configuration list for PBXNativeTarget "WebSocket Chat WatchKit App" */ = {
			isa = XCConfigurationList;
			buildConfigurations = (
				0983A2A820E9446200ECFAE1 /* Debug */,
				0983A2A920E9446200ECFAE1 /* Release */,
			);
			defaultConfigurationIsVisible = 0;
			defaultConfigurationName = Release;
		};
		0983A2AB20E9446200ECFAE1 /* Build configuration list for PBXNativeTarget "WebSocket Chat" */ = {
			isa = XCConfigurationList;
			buildConfigurations = (
				0983A2AC20E9446200ECFAE1 /* Debug */,
				0983A2AD20E9446200ECFAE1 /* Release */,
			);
			defaultConfigurationIsVisible = 0;
			defaultConfigurationName = Release;
		};
/* End XCConfigurationList section */
	};
	rootObject = 0983A26920E9445E00ECFAE1 /* Project object */;
}
