// !$*UTF8*$!
{
	archiveVersion = 1;
	classes = {
	};
	objectVersion = 50;
	objects = {

/* Begin PBXBuildFile section */
		09B8E6BB210A138500DFB119 /* AppDelegate.swift in Sources */ = {isa = PBXBuildFile; fileRef = 09B8E6BA210A138500DFB119 /* AppDelegate.swift */; };
		09B8E6BD210A138500DFB119 /* ViewController.swift in Sources */ = {isa = PBXBuildFile; fileRef = 09B8E6BC210A138500DFB119 /* ViewController.swift */; };
		09B8E6C0210A138500DFB119 /* Main.storyboard in Resources */ = {isa = PBXBuildFile; fileRef = 09B8E6BE210A138500DFB119 /* Main.storyboard */; };
		09B8E6C2210A138700DFB119 /* Assets.xcassets in Resources */ = {isa = PBXBuildFile; fileRef = 09B8E6C1210A138700DFB119 /* Assets.xcassets */; };
		09B8E6C5210A138700DFB119 /* LaunchScreen.storyboard in Resources */ = {isa = PBXBuildFile; fileRef = 09B8E6C3210A138700DFB119 /* LaunchScreen.storyboard */; };
		09B8E6CD210A742000DFB119 /* DataExtension.swift in Sources */ = {isa = PBXBuildFile; fileRef = 09B8E6CC210A742000DFB119 /* DataExtension.swift */; };
/* End PBXBuildFile section */

/* Begin PBXFileReference section */
		09B8E6B7210A138500DFB119 /* ShardbytesLoginTest.app */ = {isa = PBXFileReference; explicitFileType = wrapper.application; includeInIndex = 0; path = ShardbytesLoginTest.app; sourceTree = BUILT_PRODUCTS_DIR; };
		09B8E6BA210A138500DFB119 /* AppDelegate.swift */ = {isa = PBXFileReference; lastKnownFileType = sourcecode.swift; path = AppDelegate.swift; sourceTree = "<group>"; };
		09B8E6BC210A138500DFB119 /* ViewController.swift */ = {isa = PBXFileReference; lastKnownFileType = sourcecode.swift; path = ViewController.swift; sourceTree = "<group>"; usesTabs = 1; };
		09B8E6BF210A138500DFB119 /* Base */ = {isa = PBXFileReference; lastKnownFileType = file.storyboard; name = Base; path = Base.lproj/Main.storyboard; sourceTree = "<group>"; };
		09B8E6C1210A138700DFB119 /* Assets.xcassets */ = {isa = PBXFileReference; lastKnownFileType = folder.assetcatalog; path = Assets.xcassets; sourceTree = "<group>"; };
		09B8E6C4210A138700DFB119 /* Base */ = {isa = PBXFileReference; lastKnownFileType = file.storyboard; name = Base; path = Base.lproj/LaunchScreen.storyboard; sourceTree = "<group>"; };
		09B8E6C6210A138700DFB119 /* Info.plist */ = {isa = PBXFileReference; lastKnownFileType = text.plist.xml; path = Info.plist; sourceTree = "<group>"; };
		09B8E6CC210A742000DFB119 /* DataExtension.swift */ = {isa = PBXFileReference; lastKnownFileType = sourcecode.swift; path = DataExtension.swift; sourceTree = "<group>"; };
/* End PBXFileReference section */

/* Begin PBXFrameworksBuildPhase section */
		09B8E6B4210A138500DFB119 /* Frameworks */ = {
			isa = PBXFrameworksBuildPhase;
			buildActionMask = 2147483647;
			files = (
			);
			runOnlyForDeploymentPostprocessing = 0;
		};
/* End PBXFrameworksBuildPhase section */

/* Begin PBXGroup section */
		09B8E6AE210A138500DFB119 = {
			isa = PBXGroup;
			children = (
				09B8E6B9210A138500DFB119 /* ShardbytesLoginTest */,
				09B8E6B8210A138500DFB119 /* Products */,
			);
			sourceTree = "<group>";
		};
		09B8E6B8210A138500DFB119 /* Products */ = {
			isa = PBXGroup;
			children = (
				09B8E6B7210A138500DFB119 /* ShardbytesLoginTest.app */,
			);
			name = Products;
			sourceTree = "<group>";
		};
		09B8E6B9210A138500DFB119 /* ShardbytesLoginTest */ = {
			isa = PBXGroup;
			children = (
				09B8E6BA210A138500DFB119 /* AppDelegate.swift */,
				09B8E6BC210A138500DFB119 /* ViewController.swift */,
				09B8E6BE210A138500DFB119 /* Main.storyboard */,
				09B8E6C1210A138700DFB119 /* Assets.xcassets */,
				09B8E6C3210A138700DFB119 /* LaunchScreen.storyboard */,
				09B8E6C6210A138700DFB119 /* Info.plist */,
				09B8E6CC210A742000DFB119 /* DataExtension.swift */,
			);
			path = ShardbytesLoginTest;
			sourceTree = "<group>";
		};
/* End PBXGroup section */

/* Begin PBXNativeTarget section */
		09B8E6B6210A138500DFB119 /* ShardbytesLoginTest */ = {
			isa = PBXNativeTarget;
			buildConfigurationList = 09B8E6C9210A138700DFB119 /* Build configuration list for PBXNativeTarget "ShardbytesLoginTest" */;
			buildPhases = (
				09B8E6B3210A138500DFB119 /* Sources */,
				09B8E6B4210A138500DFB119 /* Frameworks */,
				09B8E6B5210A138500DFB119 /* Resources */,
			);
			buildRules = (
			);
			dependencies = (
			);
			name = ShardbytesLoginTest;
			productName = ShardbytesLoginTest;
			productReference = 09B8E6B7210A138500DFB119 /* ShardbytesLoginTest.app */;
			productType = "com.apple.product-type.application";
		};
/* End PBXNativeTarget section */

/* Begin PBXProject section */
		09B8E6AF210A138500DFB119 /* Project object */ = {
			isa = PBXProject;
			attributes = {
				LastSwiftUpdateCheck = 0940;
				LastUpgradeCheck = 0940;
				ORGANIZATIONNAME = plajdo;
				TargetAttributes = {
					09B8E6B6210A138500DFB119 = {
						CreatedOnToolsVersion = 9.4.1;
					};
				};
			};
			buildConfigurationList = 09B8E6B2210A138500DFB119 /* Build configuration list for PBXProject "ShardbytesLoginTest" */;
			compatibilityVersion = "Xcode 9.3";
			developmentRegion = en;
			hasScannedForEncodings = 0;
			knownRegions = (
				en,
				Base,
			);
			mainGroup = 09B8E6AE210A138500DFB119;
			productRefGroup = 09B8E6B8210A138500DFB119 /* Products */;
			projectDirPath = "";
			projectRoot = "";
			targets = (
				09B8E6B6210A138500DFB119 /* ShardbytesLoginTest */,
			);
		};
/* End PBXProject section */

/* Begin PBXResourcesBuildPhase section */
		09B8E6B5210A138500DFB119 /* Resources */ = {
			isa = PBXResourcesBuildPhase;
			buildActionMask = 2147483647;
			files = (
				09B8E6C5210A138700DFB119 /* LaunchScreen.storyboard in Resources */,
				09B8E6C2210A138700DFB119 /* Assets.xcassets in Resources */,
				09B8E6C0210A138500DFB119 /* Main.storyboard in Resources */,
			);
			runOnlyForDeploymentPostprocessing = 0;
		};
/* End PBXResourcesBuildPhase section */

/* Begin PBXSourcesBuildPhase section */
		09B8E6B3210A138500DFB119 /* Sources */ = {
			isa = PBXSourcesBuildPhase;
			buildActionMask = 2147483647;
			files = (
				09B8E6BD210A138500DFB119 /* ViewController.swift in Sources */,
				09B8E6CD210A742000DFB119 /* DataExtension.swift in Sources */,
				09B8E6BB210A138500DFB119 /* AppDelegate.swift in Sources */,
			);
			runOnlyForDeploymentPostprocessing = 0;
		};
/* End PBXSourcesBuildPhase section */

/* Begin PBXVariantGroup section */
		09B8E6BE210A138500DFB119 /* Main.storyboard */ = {
			isa = PBXVariantGroup;
			children = (
				09B8E6BF210A138500DFB119 /* Base */,
			);
			name = Main.storyboard;
			sourceTree = "<group>";
		};
		09B8E6C3210A138700DFB119 /* LaunchScreen.storyboard */ = {
			isa = PBXVariantGroup;
			children = (
				09B8E6C4210A138700DFB119 /* Base */,
			);
			name = LaunchScreen.storyboard;
			sourceTree = "<group>";
		};
/* End PBXVariantGroup section */

/* Begin XCBuildConfiguration section */
		09B8E6C7210A138700DFB119 /* Debug */ = {
			isa = XCBuildConfiguration;
			buildSettings = {
				ALWAYS_SEARCH_USER_PATHS = NO;
				CLANG_ANALYZER_NONNULL = YES;
				CLANG_ANALYZER_NUMBER_OBJECT_CONVERSION = YES_AGGRESSIVE;
				CLANG_CXX_LANGUAGE_STANDARD = "gnu++14";
				CLANG_CXX_LIBRARY = "libc++";
				CLANG_ENABLE_MODULES = YES;
				CLANG_ENABLE_OBJC_ARC = YES;
				CLANG_ENABLE_OBJC_WEAK = YES;
				CLANG_WARN_BLOCK_CAPTURE_AUTORELEASING = YES;
				CLANG_WARN_BOOL_CONVERSION = YES;
				CLANG_WARN_COMMA = YES;
				CLANG_WARN_CONSTANT_CONVERSION = YES;
				CLANG_WARN_DEPRECATED_OBJC_IMPLEMENTATIONS = YES;
				CLANG_WARN_DIRECT_OBJC_ISA_USAGE = YES_ERROR;
				CLANG_WARN_DOCUMENTATION_COMMENTS = YES;
				CLANG_WARN_EMPTY_BODY = YES;
				CLANG_WARN_ENUM_CONVERSION = YES;
				CLANG_WARN_INFINITE_RECURSION = YES;
				CLANG_WARN_INT_CONVERSION = YES;
				CLANG_WARN_NON_LITERAL_NULL_CONVERSION = YES;
				CLANG_WARN_OBJC_IMPLICIT_RETAIN_SELF = YES;
				CLANG_WARN_OBJC_LITERAL_CONVERSION = YES;
				CLANG_WARN_OBJC_ROOT_CLASS = YES_ERROR;
				CLANG_WARN_RANGE_LOOP_ANALYSIS = YES;
				CLANG_WARN_STRICT_PROTOTYPES = YES;
				CLANG_WARN_SUSPICIOUS_MOVE = YES;
				CLANG_WARN_UNGUARDED_AVAILABILITY = YES_AGGRESSIVE;
				CLANG_WARN_UNREACHABLE_CODE = YES;
				CLANG_WARN__DUPLICATE_METHOD_MATCH = YES;
				CODE_SIGN_IDENTITY = "iPhone Developer";
				COPY_PHASE_STRIP = NO;
				DEBUG_INFORMATION_FORMAT = dwarf;
				ENABLE_STRICT_OBJC_MSGSEND = YES;
				ENABLE_TESTABILITY = YES;
				GCC_C_LANGUAGE_STANDARD = gnu11;
				GCC_DYNAMIC_NO_PIC = NO;
				GCC_NO_COMMON_BLOCKS = YES;
				GCC_OPTIMIZATION_LEVEL = 0;
				GCC_PREPROCESSOR_DEFINITIONS = (
					"DEBUG=1",
					"$(inherited)",
				);
				GCC_WARN_64_TO_32_BIT_CONVERSION = YES;
				GCC_WARN_ABOUT_RETURN_TYPE = YES_ERROR;
				GCC_WARN_UNDECLARED_SELECTOR = YES;
				GCC_WARN_UNINITIALIZED_AUTOS = YES_AGGRESSIVE;
				GCC_WARN_UNUSED_FUNCTION = YES;
				GCC_WARN_UNUSED_VARIABLE = YES;
				IPHONEOS_DEPLOYMENT_TARGET = 11.4;
				MTL_ENABLE_DEBUG_INFO = YES;
				ONLY_ACTIVE_ARCH = YES;
				SDKROOT = iphoneos;
				SWIFT_ACTIVE_COMPILATION_CONDITIONS = DEBUG;
				SWIFT_OPTIMIZATION_LEVEL = "-Onone";
			};
			name = Debug;
		};
		09B8E6C8210A138700DFB119 /* Release */ = {
			isa = XCBuildConfiguration;
			buildSettings = {
				ALWAYS_SEARCH_USER_PATHS = NO;
				CLANG_ANALYZER_NONNULL = YES;
				CLANG_ANALYZER_NUMBER_OBJECT_CONVERSION = YES_AGGRESSIVE;
				CLANG_CXX_LANGUAGE_STANDARD = "gnu++14";
				CLANG_CXX_LIBRARY = "libc++";
				CLANG_ENABLE_MODULES = YES;
				CLANG_ENABLE_OBJC_ARC = YES;
				CLANG_ENABLE_OBJC_WEAK = YES;
				CLANG_WARN_BLOCK_CAPTURE_AUTORELEASING = YES;
				CLANG_WARN_BOOL_CONVERSION = YES;
				CLANG_WARN_COMMA = YES;
				CLANG_WARN_CONSTANT_CONVERSION = YES;
				CLANG_WARN_DEPRECATED_OBJC_IMPLEMENTATIONS = YES;
				CLANG_WARN_DIRECT_OBJC_ISA_USAGE = YES_ERROR;
				CLANG_WARN_DOCUMENTATION_COMMENTS = YES;
				CLANG_WARN_EMPTY_BODY = YES;
				CLANG_WARN_ENUM_CONVERSION = YES;
				CLANG_WARN_INFINITE_RECURSION = YES;
				CLANG_WARN_INT_CONVERSION = YES;
				CLANG_WARN_NON_LITERAL_NULL_CONVERSION = YES;
				CLANG_WARN_OBJC_IMPLICIT_RETAIN_SELF = YES;
				CLANG_WARN_OBJC_LITERAL_CONVERSION = YES;
				CLANG_WARN_OBJC_ROOT_CLASS = YES_ERROR;
				CLANG_WARN_RANGE_LOOP_ANALYSIS = YES;
				CLANG_WARN_STRICT_PROTOTYPES = YES;
				CLANG_WARN_SUSPICIOUS_MOVE = YES;
				CLANG_WARN_UNGUARDED_AVAILABILITY = YES_AGGRESSIVE;
				CLANG_WARN_UNREACHABLE_CODE = YES;
				CLANG_WARN__DUPLICATE_METHOD_MATCH = YES;
				CODE_SIGN_IDENTITY = "iPhone Developer";
				COPY_PHASE_STRIP = NO;
				DEBUG_INFORMATION_FORMAT = "dwarf-with-dsym";
				ENABLE_NS_ASSERTIONS = NO;
				ENABLE_STRICT_OBJC_MSGSEND = YES;
				GCC_C_LANGUAGE_STANDARD = gnu11;
				GCC_NO_COMMON_BLOCKS = YES;
				GCC_WARN_64_TO_32_BIT_CONVERSION = YES;
				GCC_WARN_ABOUT_RETURN_TYPE = YES_ERROR;
				GCC_WARN_UNDECLARED_SELECTOR = YES;
				GCC_WARN_UNINITIALIZED_AUTOS = YES_AGGRESSIVE;
				GCC_WARN_UNUSED_FUNCTION = YES;
				GCC_WARN_UNUSED_VARIABLE = YES;
				IPHONEOS_DEPLOYMENT_TARGET = 11.4;
				MTL_ENABLE_DEBUG_INFO = NO;
				SDKROOT = iphoneos;
				SWIFT_COMPILATION_MODE = wholemodule;
				SWIFT_OPTIMIZATION_LEVEL = "-O";
				VALIDATE_PRODUCT = YES;
			};
			name = Release;
		};
		09B8E6CA210A138700DFB119 /* Debug */ = {
			isa = XCBuildConfiguration;
			buildSettings = {
				ASSETCATALOG_COMPILER_APPICON_NAME = AppIcon;
				CODE_SIGN_STYLE = Automatic;
				DEVELOPMENT_TEAM = 82D59K3P3G;
				INFOPLIST_FILE = ShardbytesLoginTest/Info.plist;
				LD_RUNPATH_SEARCH_PATHS = (
					"$(inherited)",
					"@executable_path/Frameworks",
				);
				PRODUCT_BUNDLE_IDENTIFIER = io.github.plajdo.ShardbytesLoginTest;
				PRODUCT_NAME = "$(TARGET_NAME)";
				SWIFT_VERSION = 4.0;
				TARGETED_DEVICE_FAMILY = "1,2";
			};
			name = Debug;
		};
		09B8E6CB210A138700DFB119 /* Release */ = {
			isa = XCBuildConfiguration;
			buildSettings = {
				ASSETCATALOG_COMPILER_APPICON_NAME = AppIcon;
				CODE_SIGN_STYLE = Automatic;
				DEVELOPMENT_TEAM = 82D59K3P3G;
				INFOPLIST_FILE = ShardbytesLoginTest/Info.plist;
				LD_RUNPATH_SEARCH_PATHS = (
					"$(inherited)",
					"@executable_path/Frameworks",
				);
				PRODUCT_BUNDLE_IDENTIFIER = io.github.plajdo.ShardbytesLoginTest;
				PRODUCT_NAME = "$(TARGET_NAME)";
				SWIFT_VERSION = 4.0;
				TARGETED_DEVICE_FAMILY = "1,2";
			};
			name = Release;
		};
/* End XCBuildConfiguration section */

/* Begin XCConfigurationList section */
		09B8E6B2210A138500DFB119 /* Build configuration list for PBXProject "ShardbytesLoginTest" */ = {
			isa = XCConfigurationList;
			buildConfigurations = (
				09B8E6C7210A138700DFB119 /* Debug */,
				09B8E6C8210A138700DFB119 /* Release */,
			);
			defaultConfigurationIsVisible = 0;
			defaultConfigurationName = Release;
		};
		09B8E6C9210A138700DFB119 /* Build configuration list for PBXNativeTarget "ShardbytesLoginTest" */ = {
			isa = XCConfigurationList;
			buildConfigurations = (
				09B8E6CA210A138700DFB119 /* Debug */,
				09B8E6CB210A138700DFB119 /* Release */,
			);
			defaultConfigurationIsVisible = 0;
			defaultConfigurationName = Release;
		};
/* End XCConfigurationList section */
	};
	rootObject = 09B8E6AF210A138500DFB119 /* Project object */;
}
